
Microsoft Visual Studio Solution File, Format Version 12.00
# Visual Studio Version 17
VisualStudioVersion = 17.14.36511.14 d17.14
MinimumVisualStudioVersion = 10.0.40219.1
Project("{F184B08F-C81C-45F6-A57F-5ABD9991F28F}") = "TextStringsProject", "TextStringsProject\TextStringsProject.vbproj", "{DB656FF0-FF2A-455A-9B2E-7C8D6B5B24FE}"
EndProject
Global
	GlobalSection(SolutionConfigurationPlatforms) = preSolution
		Debug|Any CPU = Debug|Any CPU
		Release|Any CPU = Release|Any CPU
	EndGlobalSection
	GlobalSection(ProjectConfigurationPlatforms) = postSolution
		{DB656FF0-FF2A-455A-9B2E-7C8D6B5B24FE}.Debug|Any CPU.ActiveCfg = Debug|Any CPU
		{DB656FF0-FF2A-455A-9B2E-7C8D6B5B24FE}.Debug|Any CPU.Build.0 = Debug|Any CPU
		{DB656FF0-FF2A-455A-9B2E-7C8D6B5B24FE}.Release|Any CPU.ActiveCfg = Release|Any CPU
		{DB656FF0-FF2A-455A-9B2E-7C8D6B5B24FE}.Release|Any CPU.Build.0 = Release|Any CPU
	EndGlobalSection
	GlobalSection(SolutionProperties) = preSolution
		HideSolutionNode = FALSE
	EndGlobalSection
	GlobalSection(ExtensibilityGlobals) = postSolution
		SolutionGuid = {9C51DB5A-7EF2-4367-B161-4FA66C0D8ADC}
	EndGlobalSection
EndGlobal
